{
  "meteor": {},
  "dependencies": {
    "basePackages": {
      "belt-jade-handlebars": {
        "git": "https://github.com/meteorbelt/belt-jade-handlebars",
        "tag": "v0.1.0"
      }
    },
    "packages": {
      "belt-jade-handlebars": {
        "git": "https://github.com/meteorbelt/belt-jade-handlebars",
        "tag": "v0.1.0",
        "commit": "d1f6189203401b677e22c7ef7d171b33185b5e2e"
      "iron-router": {}
    },
    "packages": {
      "iron-router": {
        "git": "https://github.com/EventedMind/iron-router.git",
        "tag": "v0.6.1",
        "commit": "4e1ee0581d68bff422a915dacb0bd30eae10fe08"
      }
    }
  }
}
