{
  "meteor": {},
  "dependencies": {
    "basePackages": {
      "belt-jade-handlebars": {
        "git": "https://github.com/meteorbelt/belt-jade-handlebars",
        "tag": "v0.1.0"
      },
      "iron-router": {},
      "spin": {},
      "GAnalytics": {},
      "font-awesome": {},
      "phantomjs": {}
    },
    "packages": {
      "belt-jade-handlebars": {
        "git": "https://github.com/meteorbelt/belt-jade-handlebars",
        "tag": "v0.1.0",
        "commit": "d1f6189203401b677e22c7ef7d171b33185b5e2e"
      },
      "iron-router": {
        "git": "https://github.com/EventedMind/iron-router.git",
        "tag": "v0.6.1",
        "commit": "4e1ee0581d68bff422a915dacb0bd30eae10fe08"
      },
      "spin": {
        "git": "https://github.com/SachaG/meteor-spin.git",
        "tag": "v0.2.0",
        "commit": "fd3a2871a69442848b4b4e74f5e1ae28fa4a95a4"
      },
      "GAnalytics": {
        "git": "https://github.com/datariot/meteor-ganalytics.git",
        "tag": "v0.1.0",
        "commit": "937c664cf755f26c6273e4970450c988291c8208"
      },
      "font-awesome": {
        "git": "https://github.com/nate-strauser/meteor-font-awesome.git",
        "tag": "v4.0.3",
        "commit": "61e9361384347547ae144f8228faa4deffda23db"
      },
      "phantomjs": {
        "git": "https://github.com/gadicohen/meteor-phantomjs.git",
        "tag": "v0.0.2",
        "commit": "a72eb79af068dd5d5d617ac71a42bd74e0cb52a4"
      }
    }
  }
}
