{
  "meteor": {},
  "dependencies": {
    "basePackages": {
      "belt-jade-handlebars": {
        "git": "https://github.com/meteorbelt/belt-jade-handlebars",
        "tag": "v0.1.0"
      },
      "scss": {},
      "bourbon": {},
      "neat": {},
      "iron-router": {},
      "spin": {},
      "GAnalytics": {}
    },
    "packages": {
      "belt-jade-handlebars": {
        "git": "https://github.com/meteorbelt/belt-jade-handlebars",
        "tag": "v0.1.0",
        "commit": "d1f6189203401b677e22c7ef7d171b33185b5e2e"
      },
      "scss": {
        "git": "https://github.com/fourseven/meteor-scss.git",
        "tag": "v0.7.0",
        "commit": "39f60d58c2b890bdd897ef52188644f3093fc2ac"
      },
      "bourbon": {
        "git": "https://github.com/chicagogrooves/meteor-bourbon.git",
        "tag": "v3.1.8.1",
        "commit": "b55f0968fe7d4a2886898cd8e81394de066a3ae1"
      },
      "neat": {
        "git": "https://github.com/chicagogrooves/meteor-neat.git",
        "tag": "v1.5.0",
        "commit": "6c318cce1c02e822d6a340c547273b29b6379197"
      },
      "iron-router": {
        "git": "https://github.com/EventedMind/iron-router.git",
        "tag": "v0.6.1",
        "commit": "4e1ee0581d68bff422a915dacb0bd30eae10fe08"
      },
      "spin": {
        "git": "https://github.com/SachaG/meteor-spin.git",
        "tag": "v0.2.0",
        "commit": "fd3a2871a69442848b4b4e74f5e1ae28fa4a95a4"
      },
      "GAnalytics": {
        "git": "https://github.com/datariot/meteor-ganalytics.git",
        "tag": "v0.1.0",
        "commit": "937c664cf755f26c6273e4970450c988291c8208"
      }
    }
  }
}
