{
  "meteor": {},
  "dependencies": {
    "basePackages": {
      "belt-jade-handlebars": {
        "git": "https://github.com/meteorbelt/belt-jade-handlebars",
        "tag": "v0.1.0"
      },
      "iron-router": {},
      "spin": {},
      "GAnalytics": {},
      "font-awesome": {},
      "phantomjs": {},
      "handlebar-helpers": {
        "version": "0.0.9"
      },
      "errors": {},
      "fs": {},
      "npm": {}
    },
    "packages": {
      "belt-jade-handlebars": {
        "git": "https://github.com/meteorbelt/belt-jade-handlebars",
        "tag": "v0.1.0",
        "commit": "d1f6189203401b677e22c7ef7d171b33185b5e2e"
      },
      "iron-router": {
        "git": "https://github.com/EventedMind/iron-router.git",
        "tag": "v0.6.4",
        "commit": "927bbaed1b87894fb6fb70807f74ff3a5bd89f29"
      },
      "spin": {
        "git": "https://github.com/SachaG/meteor-spin.git",
        "tag": "v0.2.2",
        "commit": "3f655f0016228e4195acc784c45d3e3a247dc39f"
      },
      "GAnalytics": {
        "git": "https://github.com/datariot/meteor-ganalytics.git",
        "tag": "v0.1.1",
        "commit": "91b19d37687bb2cd7976fb43b482143a53509d7e"
      },
      "font-awesome": {
        "git": "https://github.com/nate-strauser/meteor-font-awesome.git",
        "tag": "v4.0.3",
        "commit": "61e9361384347547ae144f8228faa4deffda23db"
      },
      "phantomjs": {
        "git": "https://github.com/gadicohen/meteor-phantomjs.git",
        "tag": "v0.0.2",
        "commit": "a72eb79af068dd5d5d617ac71a42bd74e0cb52a4"
      },
      "handlebar-helpers": {
        "git": "https://github.com/raix/Meteor-handlebar-helpers.git",
        "tag": "v0.0.9",
        "commit": "71e94c99462b8801a34c5363510758b6ff5f5ac7"
      },
      "errors": {
        "git": "https://github.com/tmeasday/meteor-errors.git",
        "tag": "v0.2.1",
        "commit": "f2af03510a9e3d9952601f5f091aa76bfbcbf224"
      },
      "fs": {
        "git": "https://github.com/peerlibrary/meteor-fs.git",
        "tag": "v0.1.2",
        "commit": "069d7fcaeb5df000a57238fde2785faf6dc1c37c"
      },
      "npm": {
        "git": "https://github.com/arunoda/meteor-npm.git",
        "tag": "v0.2.6",
        "commit": "177ab6118de5bf8cffb19481343d5762ff7a2aaf"
      },
      "assert": {
        "git": "https://github.com/peerlibrary/meteor-assert.git",
        "tag": "v0.2.3",
        "commit": "9c838fbf5053a9f4c9ea21cad8e2fef8f1374e7c"
      },
      "blocking": {
        "git": "https://github.com/peerlibrary/meteor-blocking.git",
        "tag": "v0.4.0",
        "commit": "e25a0be72e771b317b26d2bb5758c983bdcef23c"
      }
    }
  }
}
